
Microsoft Visual Studio Solution File, Format Version 12.00
# Visual Studio Version 17
VisualStudioVersion = 17.1.32210.238
MinimumVisualStudioVersion = 10.0.40219.1
Project("{FAE04EC0-301F-11D3-BF4B-00C04F79EFBC}") = "prakt11_3.0", "prakt11_3.0.csproj", "{4F46DC2F-F0B7-46C3-89BF-EC151F9F4201}"
EndProject
Global
	GlobalSection(SolutionConfigurationPlatforms) = preSolution
		Debug|Any CPU = Debug|Any CPU
		Release|Any CPU = Release|Any CPU
	EndGlobalSection
	GlobalSection(ProjectConfigurationPlatforms) = postSolution
		{4F46DC2F-F0B7-46C3-89BF-EC151F9F4201}.Debug|Any CPU.ActiveCfg = Debug|Any CPU
		{4F46DC2F-F0B7-46C3-89BF-EC151F9F4201}.Debug|Any CPU.Build.0 = Debug|Any CPU
		{4F46DC2F-F0B7-46C3-89BF-EC151F9F4201}.Release|Any CPU.ActiveCfg = Release|Any CPU
		{4F46DC2F-F0B7-46C3-89BF-EC151F9F4201}.Release|Any CPU.Build.0 = Release|Any CPU
	EndGlobalSection
	GlobalSection(SolutionProperties) = preSolution
		HideSolutionNode = FALSE
	EndGlobalSection
	GlobalSection(ExtensibilityGlobals) = postSolution
		SolutionGuid = {91F44D77-D395-45B2-B0E5-27591D86D8D8}
	EndGlobalSection
EndGlobal
